
Microsoft Visual Studio Solution File, Format Version 12.00
# Visual Studio Version 16
VisualStudioVersion = 16.0.31829.152
MinimumVisualStudioVersion = 10.0.40219.1
Project("{9A19103F-16F7-4668-BE54-9A1E7A4F7556}") = "RapidData.Math", "RapidData.Math\RapidData.Math.csproj", "{EEF938C8-FE9E-451E-ACC4-FDFF53604B58}"
EndProject
Project("{9A19103F-16F7-4668-BE54-9A1E7A4F7556}") = "RapidData.Math.Test", "RapidData.Math.Test\RapidData.Math.Test.csproj", "{F211B8C6-573B-41A1-995E-AAA337FD8D8C}"
EndProject
Global
	GlobalSection(SolutionConfigurationPlatforms) = preSolution
		Debug|Any CPU = Debug|Any CPU
		Release|Any CPU = Release|Any CPU
	EndGlobalSection
	GlobalSection(ProjectConfigurationPlatforms) = postSolution
		{EEF938C8-FE9E-451E-ACC4-FDFF53604B58}.Debug|Any CPU.ActiveCfg = Debug|Any CPU
		{EEF938C8-FE9E-451E-ACC4-FDFF53604B58}.Debug|Any CPU.Build.0 = Debug|Any CPU
		{EEF938C8-FE9E-451E-ACC4-FDFF53604B58}.Release|Any CPU.ActiveCfg = Release|Any CPU
		{EEF938C8-FE9E-451E-ACC4-FDFF53604B58}.Release|Any CPU.Build.0 = Release|Any CPU
		{F211B8C6-573B-41A1-995E-AAA337FD8D8C}.Debug|Any CPU.ActiveCfg = Debug|Any CPU
		{F211B8C6-573B-41A1-995E-AAA337FD8D8C}.Debug|Any CPU.Build.0 = Debug|Any CPU
		{F211B8C6-573B-41A1-995E-AAA337FD8D8C}.Release|Any CPU.ActiveCfg = Release|Any CPU
		{F211B8C6-573B-41A1-995E-AAA337FD8D8C}.Release|Any CPU.Build.0 = Release|Any CPU
	EndGlobalSection
	GlobalSection(SolutionProperties) = preSolution
		HideSolutionNode = FALSE
	EndGlobalSection
	GlobalSection(ExtensibilityGlobals) = postSolution
		SolutionGuid = {3D5194E2-D8E9-4388-9EAA-FFD5B248E358}
	EndGlobalSection
EndGlobal
