
Microsoft Visual Studio Solution File, Format Version 12.00
# Visual Studio Version 16
VisualStudioVersion = 16.0.31829.152
MinimumVisualStudioVersion = 10.0.40219.1
Project("{FAE04EC0-301F-11D3-BF4B-00C04F79EFBC}") = "RapidData.Factorial", "RapidData.Factorial\RapidData.Factorial.csproj", "{985271F4-9EDB-48AF-B9E8-DB27A4DF1B0E}"
EndProject
Global
	GlobalSection(SolutionConfigurationPlatforms) = preSolution
		Debug|Any CPU = Debug|Any CPU
		Release|Any CPU = Release|Any CPU
	EndGlobalSection
	GlobalSection(ProjectConfigurationPlatforms) = postSolution
		{985271F4-9EDB-48AF-B9E8-DB27A4DF1B0E}.Debug|Any CPU.ActiveCfg = Debug|Any CPU
		{985271F4-9EDB-48AF-B9E8-DB27A4DF1B0E}.Debug|Any CPU.Build.0 = Debug|Any CPU
		{985271F4-9EDB-48AF-B9E8-DB27A4DF1B0E}.Release|Any CPU.ActiveCfg = Release|Any CPU
		{985271F4-9EDB-48AF-B9E8-DB27A4DF1B0E}.Release|Any CPU.Build.0 = Release|Any CPU
	EndGlobalSection
	GlobalSection(SolutionProperties) = preSolution
		HideSolutionNode = FALSE
	EndGlobalSection
	GlobalSection(ExtensibilityGlobals) = postSolution
		SolutionGuid = {BDEFE7B2-441A-47A0-8A42-A49EC8CE5070}
	EndGlobalSection
EndGlobal
